// !$*UTF8*$!
{
	archiveVersion = 1;
	classes = {
	};
	objectVersion = 56;
	objects = {

/* Begin PBXBuildFile section */
		26491A4E2C2D9D42001F7510 /* Instagram_YoutubeApp.swift in Sources */ = {isa = PBXBuildFile; fileRef = 26491A4D2C2D9D42001F7510 /* Instagram_YoutubeApp.swift */; };
		26491A502C2D9D42001F7510 /* ContentView.swift in Sources */ = {isa = PBXBuildFile; fileRef = 26491A4F2C2D9D42001F7510 /* ContentView.swift */; };
		26491A522C2D9D43001F7510 /* Assets.xcassets in Resources */ = {isa = PBXBuildFile; fileRef = 26491A512C2D9D43001F7510 /* Assets.xcassets */; };
		26491A552C2D9D43001F7510 /* Preview Assets.xcassets in Resources */ = {isa = PBXBuildFile; fileRef = 26491A542C2D9D43001F7510 /* Preview Assets.xcassets */; };
		26491A632C2D9DEE001F7510 /* Kingfisher in Frameworks */ = {isa = PBXBuildFile; productRef = 26491A622C2D9DEE001F7510 /* Kingfisher */; };
		26491A8B2C2DA49B001F7510 /* Colors.swift in Sources */ = {isa = PBXBuildFile; fileRef = 26491A8A2C2DA49B001F7510 /* Colors.swift */; };
		26491A942C2DA5BD001F7510 /* UserInstagramResponse.swift in Sources */ = {isa = PBXBuildFile; fileRef = 26491A932C2DA5BD001F7510 /* UserInstagramResponse.swift */; };
		26491A962C2DA5D7001F7510 /* UserInstagramData.swift in Sources */ = {isa = PBXBuildFile; fileRef = 26491A952C2DA5D7001F7510 /* UserInstagramData.swift */; };
		26491AA42C2DA7DB001F7510 /* ReelsResponse.swift in Sources */ = {isa = PBXBuildFile; fileRef = 26491AA32C2DA7DB001F7510 /* ReelsResponse.swift */; };
		26491AA62C2DA7EA001F7510 /* ReelsData.swift in Sources */ = {isa = PBXBuildFile; fileRef = 26491AA52C2DA7EA001F7510 /* ReelsData.swift */; };
		2699DD042C3CE9C000180D5F /* SearchAudioResponse.swift in Sources */ = {isa = PBXBuildFile; fileRef = 2699DD032C3CE9C000180D5F /* SearchAudioResponse.swift */; };
		2699DD062C3CE9CF00180D5F /* SearchAudioData.swift in Sources */ = {isa = PBXBuildFile; fileRef = 2699DD052C3CE9CF00180D5F /* SearchAudioData.swift */; };
		2699DD092C3CEA3600180D5F /* ReelsView.swift in Sources */ = {isa = PBXBuildFile; fileRef = 2699DD082C3CEA3600180D5F /* ReelsView.swift */; };
		2699DD0B2C3CEA4500180D5F /* ReelsVideoView.swift in Sources */ = {isa = PBXBuildFile; fileRef = 2699DD0A2C3CEA4500180D5F /* ReelsVideoView.swift */; };
		2699DD0F2C3CEACB00180D5F /* ProfileImageView.swift in Sources */ = {isa = PBXBuildFile; fileRef = 2699DD0E2C3CEACB00180D5F /* ProfileImageView.swift */; };
		2699DD122C3CEB0800180D5F /* CustomVideoPlayer.swift in Sources */ = {isa = PBXBuildFile; fileRef = 2699DD112C3CEB0800180D5F /* CustomVideoPlayer.swift */; };
/* End PBXBuildFile section */

/* Begin PBXFileReference section */
		26491A4A2C2D9D42001F7510 /* Instagram_Youtube.app */ = {isa = PBXFileReference; explicitFileType = wrapper.application; includeInIndex = 0; path = Instagram_Youtube.app; sourceTree = BUILT_PRODUCTS_DIR; };
		26491A4D2C2D9D42001F7510 /* Instagram_YoutubeApp.swift */ = {isa = PBXFileReference; lastKnownFileType = sourcecode.swift; path = Instagram_YoutubeApp.swift; sourceTree = "<group>"; };
		26491A4F2C2D9D42001F7510 /* ContentView.swift */ = {isa = PBXFileReference; lastKnownFileType = sourcecode.swift; path = ContentView.swift; sourceTree = "<group>"; };
		26491A512C2D9D43001F7510 /* Assets.xcassets */ = {isa = PBXFileReference; lastKnownFileType = folder.assetcatalog; path = Assets.xcassets; sourceTree = "<group>"; };
		26491A542C2D9D43001F7510 /* Preview Assets.xcassets */ = {isa = PBXFileReference; lastKnownFileType = folder.assetcatalog; path = "Preview Assets.xcassets"; sourceTree = "<group>"; };
		26491A8A2C2DA49B001F7510 /* Colors.swift */ = {isa = PBXFileReference; lastKnownFileType = sourcecode.swift; path = Colors.swift; sourceTree = "<group>"; };
		26491A932C2DA5BD001F7510 /* UserInstagramResponse.swift */ = {isa = PBXFileReference; lastKnownFileType = sourcecode.swift; path = UserInstagramResponse.swift; sourceTree = "<group>"; };
		26491A952C2DA5D7001F7510 /* UserInstagramData.swift */ = {isa = PBXFileReference; lastKnownFileType = sourcecode.swift; path = UserInstagramData.swift; sourceTree = "<group>"; };
		26491AA32C2DA7DB001F7510 /* ReelsResponse.swift */ = {isa = PBXFileReference; lastKnownFileType = sourcecode.swift; path = ReelsResponse.swift; sourceTree = "<group>"; };
		26491AA52C2DA7EA001F7510 /* ReelsData.swift */ = {isa = PBXFileReference; lastKnownFileType = sourcecode.swift; path = ReelsData.swift; sourceTree = "<group>"; };
		2699DD032C3CE9C000180D5F /* SearchAudioResponse.swift */ = {isa = PBXFileReference; lastKnownFileType = sourcecode.swift; path = SearchAudioResponse.swift; sourceTree = "<group>"; };
		2699DD052C3CE9CF00180D5F /* SearchAudioData.swift */ = {isa = PBXFileReference; lastKnownFileType = sourcecode.swift; path = SearchAudioData.swift; sourceTree = "<group>"; };
		2699DD082C3CEA3600180D5F /* ReelsView.swift */ = {isa = PBXFileReference; lastKnownFileType = sourcecode.swift; path = ReelsView.swift; sourceTree = "<group>"; };
		2699DD0A2C3CEA4500180D5F /* ReelsVideoView.swift */ = {isa = PBXFileReference; lastKnownFileType = sourcecode.swift; path = ReelsVideoView.swift; sourceTree = "<group>"; };
		2699DD0E2C3CEACB00180D5F /* ProfileImageView.swift */ = {isa = PBXFileReference; lastKnownFileType = sourcecode.swift; path = ProfileImageView.swift; sourceTree = "<group>"; };
		2699DD112C3CEB0800180D5F /* CustomVideoPlayer.swift */ = {isa = PBXFileReference; lastKnownFileType = sourcecode.swift; path = CustomVideoPlayer.swift; sourceTree = "<group>"; };
/* End PBXFileReference section */

/* Begin PBXFrameworksBuildPhase section */
		26491A472C2D9D42001F7510 /* Frameworks */ = {
			isa = PBXFrameworksBuildPhase;
			buildActionMask = 2147483647;
			files = (
				26491A632C2D9DEE001F7510 /* Kingfisher in Frameworks */,
			);
			runOnlyForDeploymentPostprocessing = 0;
		};
/* End PBXFrameworksBuildPhase section */

/* Begin PBXGroup section */
		26491A412C2D9D42001F7510 = {
			isa = PBXGroup;
			children = (
				26491A5F2C2D9DAD001F7510 /* Components */,
				26491A5E2C2D9DA6001F7510 /* Models */,
				26491A5D2C2D9D9F001F7510 /* Themes */,
				26491A5B2C2D9D93001F7510 /* Pages */,
				26491A4C2C2D9D42001F7510 /* Instagram_Youtube */,
				26491A4B2C2D9D42001F7510 /* Products */,
			);
			sourceTree = "<group>";
		};
		26491A4B2C2D9D42001F7510 /* Products */ = {
			isa = PBXGroup;
			children = (
				26491A4A2C2D9D42001F7510 /* Instagram_Youtube.app */,
			);
			name = Products;
			sourceTree = "<group>";
		};
		26491A4C2C2D9D42001F7510 /* Instagram_Youtube */ = {
			isa = PBXGroup;
			children = (
				26491A4D2C2D9D42001F7510 /* Instagram_YoutubeApp.swift */,
				26491A4F2C2D9D42001F7510 /* ContentView.swift */,
				26491A512C2D9D43001F7510 /* Assets.xcassets */,
				26491A532C2D9D43001F7510 /* Preview Content */,
			);
			path = Instagram_Youtube;
			sourceTree = "<group>";
		};
		26491A532C2D9D43001F7510 /* Preview Content */ = {
			isa = PBXGroup;
			children = (
				26491A542C2D9D43001F7510 /* Preview Assets.xcassets */,
			);
			path = "Preview Content";
			sourceTree = "<group>";
		};
		26491A5B2C2D9D93001F7510 /* Pages */ = {
			isa = PBXGroup;
			children = (
				2699DD072C3CEA2700180D5F /* Reels */,
			);
			path = Pages;
			sourceTree = "<group>";
		};
		26491A5D2C2D9D9F001F7510 /* Themes */ = {
			isa = PBXGroup;
			children = (
				26491A892C2DA48D001F7510 /* Colors */,
			);
			path = Themes;
			sourceTree = "<group>";
		};
		26491A5E2C2D9DA6001F7510 /* Models */ = {
			isa = PBXGroup;
			children = (
				2699DD022C3CE99800180D5F /* SearchAudioModel */,
				26491AA22C2DA7CF001F7510 /* ReelsModel */,
				26491A922C2DA58F001F7510 /* UserInstagramModel */,
			);
			path = Models;
			sourceTree = "<group>";
		};
		26491A5F2C2D9DAD001F7510 /* Components */ = {
			isa = PBXGroup;
			children = (
				2699DD102C3CEAD500180D5F /* VideoPlayerView */,
				2699DD0D2C3CEABE00180D5F /* ProfileImageView */,
			);
			path = Components;
			sourceTree = "<group>";
		};
		26491A892C2DA48D001F7510 /* Colors */ = {
			isa = PBXGroup;
			children = (
				26491A8A2C2DA49B001F7510 /* Colors.swift */,
			);
			path = Colors;
			sourceTree = "<group>";
		};
		26491A922C2DA58F001F7510 /* UserInstagramModel */ = {
			isa = PBXGroup;
			children = (
				26491A932C2DA5BD001F7510 /* UserInstagramResponse.swift */,
				26491A952C2DA5D7001F7510 /* UserInstagramData.swift */,
			);
			path = UserInstagramModel;
			sourceTree = "<group>";
		};
		26491AA22C2DA7CF001F7510 /* ReelsModel */ = {
			isa = PBXGroup;
			children = (
				26491AA32C2DA7DB001F7510 /* ReelsResponse.swift */,
				26491AA52C2DA7EA001F7510 /* ReelsData.swift */,
			);
			path = ReelsModel;
			sourceTree = "<group>";
		};
		2699DD022C3CE99800180D5F /* SearchAudioModel */ = {
			isa = PBXGroup;
			children = (
				2699DD032C3CE9C000180D5F /* SearchAudioResponse.swift */,
				2699DD052C3CE9CF00180D5F /* SearchAudioData.swift */,
			);
			path = SearchAudioModel;
			sourceTree = "<group>";
		};
		2699DD072C3CEA2700180D5F /* Reels */ = {
			isa = PBXGroup;
			children = (
				2699DD082C3CEA3600180D5F /* ReelsView.swift */,
				2699DD0A2C3CEA4500180D5F /* ReelsVideoView.swift */,
			);
			path = Reels;
			sourceTree = "<group>";
		};
		2699DD0D2C3CEABE00180D5F /* ProfileImageView */ = {
			isa = PBXGroup;
			children = (
				2699DD0E2C3CEACB00180D5F /* ProfileImageView.swift */,
			);
			path = ProfileImageView;
			sourceTree = "<group>";
		};
		2699DD102C3CEAD500180D5F /* VideoPlayerView */ = {
			isa = PBXGroup;
			children = (
				2699DD112C3CEB0800180D5F /* CustomVideoPlayer.swift */,
			);
			path = VideoPlayerView;
			sourceTree = "<group>";
		};
/* End PBXGroup section */

/* Begin PBXNativeTarget section */
		26491A492C2D9D42001F7510 /* Instagram_Youtube */ = {
			isa = PBXNativeTarget;
			buildConfigurationList = 26491A582C2D9D43001F7510 /* Build configuration list for PBXNativeTarget "Instagram_Youtube" */;
			buildPhases = (
				26491A462C2D9D42001F7510 /* Sources */,
				26491A472C2D9D42001F7510 /* Frameworks */,
				26491A482C2D9D42001F7510 /* Resources */,
			);
			buildRules = (
			);
			dependencies = (
			);
			name = Instagram_Youtube;
			packageProductDependencies = (
				26491A622C2D9DEE001F7510 /* Kingfisher */,
			);
			productName = Instagram_Youtube;
			productReference = 26491A4A2C2D9D42001F7510 /* Instagram_Youtube.app */;
			productType = "com.apple.product-type.application";
		};
/* End PBXNativeTarget section */

/* Begin PBXProject section */
		26491A422C2D9D42001F7510 /* Project object */ = {
			isa = PBXProject;
			attributes = {
				BuildIndependentTargetsInParallel = 1;
				LastSwiftUpdateCheck = 1520;
				LastUpgradeCheck = 1520;
				TargetAttributes = {
					26491A492C2D9D42001F7510 = {
						CreatedOnToolsVersion = 15.2;
					};
				};
			};
			buildConfigurationList = 26491A452C2D9D42001F7510 /* Build configuration list for PBXProject "Instagram_Youtube" */;
			compatibilityVersion = "Xcode 14.0";
			developmentRegion = en;
			hasScannedForEncodings = 0;
			knownRegions = (
				en,
				Base,
			);
			mainGroup = 26491A412C2D9D42001F7510;
			packageReferences = (
				26491A612C2D9DEE001F7510 /* XCRemoteSwiftPackageReference "Kingfisher" */,
			);
			productRefGroup = 26491A4B2C2D9D42001F7510 /* Products */;
			projectDirPath = "";
			projectRoot = "";
			targets = (
				26491A492C2D9D42001F7510 /* Instagram_Youtube */,
			);
		};
/* End PBXProject section */

/* Begin PBXResourcesBuildPhase section */
		26491A482C2D9D42001F7510 /* Resources */ = {
			isa = PBXResourcesBuildPhase;
			buildActionMask = 2147483647;
			files = (
				26491A552C2D9D43001F7510 /* Preview Assets.xcassets in Resources */,
				26491A522C2D9D43001F7510 /* Assets.xcassets in Resources */,
			);
			runOnlyForDeploymentPostprocessing = 0;
		};
/* End PBXResourcesBuildPhase section */

/* Begin PBXSourcesBuildPhase section */
		26491A462C2D9D42001F7510 /* Sources */ = {
			isa = PBXSourcesBuildPhase;
			buildActionMask = 2147483647;
			files = (
				2699DD0F2C3CEACB00180D5F /* ProfileImageView.swift in Sources */,
				26491AA62C2DA7EA001F7510 /* ReelsData.swift in Sources */,
				2699DD062C3CE9CF00180D5F /* SearchAudioData.swift in Sources */,
				26491AA42C2DA7DB001F7510 /* ReelsResponse.swift in Sources */,
				26491A942C2DA5BD001F7510 /* UserInstagramResponse.swift in Sources */,
				26491A502C2D9D42001F7510 /* ContentView.swift in Sources */,
				26491A8B2C2DA49B001F7510 /* Colors.swift in Sources */,
				2699DD092C3CEA3600180D5F /* ReelsView.swift in Sources */,
				26491A962C2DA5D7001F7510 /* UserInstagramData.swift in Sources */,
				2699DD122C3CEB0800180D5F /* CustomVideoPlayer.swift in Sources */,
				26491A4E2C2D9D42001F7510 /* Instagram_YoutubeApp.swift in Sources */,
				2699DD042C3CE9C000180D5F /* SearchAudioResponse.swift in Sources */,
				2699DD0B2C3CEA4500180D5F /* ReelsVideoView.swift in Sources */,
			);
			runOnlyForDeploymentPostprocessing = 0;
		};
/* End PBXSourcesBuildPhase section */

/* Begin XCBuildConfiguration section */
		26491A562C2D9D43001F7510 /* Debug */ = {
			isa = XCBuildConfiguration;
			buildSettings = {
				ALWAYS_SEARCH_USER_PATHS = NO;
				ASSETCATALOG_COMPILER_GENERATE_SWIFT_ASSET_SYMBOL_EXTENSIONS = YES;
				CLANG_ANALYZER_NONNULL = YES;
				CLANG_ANALYZER_NUMBER_OBJECT_CONVERSION = YES_AGGRESSIVE;
				CLANG_CXX_LANGUAGE_STANDARD = "gnu++20";
				CLANG_ENABLE_MODULES = YES;
				CLANG_ENABLE_OBJC_ARC = YES;
				CLANG_ENABLE_OBJC_WEAK = YES;
				CLANG_WARN_BLOCK_CAPTURE_AUTORELEASING = YES;
				CLANG_WARN_BOOL_CONVERSION = YES;
				CLANG_WARN_COMMA = YES;
				CLANG_WARN_CONSTANT_CONVERSION = YES;
				CLANG_WARN_DEPRECATED_OBJC_IMPLEMENTATIONS = YES;
				CLANG_WARN_DIRECT_OBJC_ISA_USAGE = YES_ERROR;
				CLANG_WARN_DOCUMENTATION_COMMENTS = YES;
				CLANG_WARN_EMPTY_BODY = YES;
				CLANG_WARN_ENUM_CONVERSION = YES;
				CLANG_WARN_INFINITE_RECURSION = YES;
				CLANG_WARN_INT_CONVERSION = YES;
				CLANG_WARN_NON_LITERAL_NULL_CONVERSION = YES;
				CLANG_WARN_OBJC_IMPLICIT_RETAIN_SELF = YES;
				CLANG_WARN_OBJC_LITERAL_CONVERSION = YES;
				CLANG_WARN_OBJC_ROOT_CLASS = YES_ERROR;
				CLANG_WARN_QUOTED_INCLUDE_IN_FRAMEWORK_HEADER = YES;
				CLANG_WARN_RANGE_LOOP_ANALYSIS = YES;
				CLANG_WARN_STRICT_PROTOTYPES = YES;
				CLANG_WARN_SUSPICIOUS_MOVE = YES;
				CLANG_WARN_UNGUARDED_AVAILABILITY = YES_AGGRESSIVE;
				CLANG_WARN_UNREACHABLE_CODE = YES;
				CLANG_WARN__DUPLICATE_METHOD_MATCH = YES;
				COPY_PHASE_STRIP = NO;
				DEBUG_INFORMATION_FORMAT = dwarf;
				ENABLE_STRICT_OBJC_MSGSEND = YES;
				ENABLE_TESTABILITY = YES;
				ENABLE_USER_SCRIPT_SANDBOXING = YES;
				GCC_C_LANGUAGE_STANDARD = gnu17;
				GCC_DYNAMIC_NO_PIC = NO;
				GCC_NO_COMMON_BLOCKS = YES;
				GCC_OPTIMIZATION_LEVEL = 0;
				GCC_PREPROCESSOR_DEFINITIONS = (
					"DEBUG=1",
					"$(inherited)",
				);
				GCC_WARN_64_TO_32_BIT_CONVERSION = YES;
				GCC_WARN_ABOUT_RETURN_TYPE = YES_ERROR;
				GCC_WARN_UNDECLARED_SELECTOR = YES;
				GCC_WARN_UNINITIALIZED_AUTOS = YES_AGGRESSIVE;
				GCC_WARN_UNUSED_FUNCTION = YES;
				GCC_WARN_UNUSED_VARIABLE = YES;
				IPHONEOS_DEPLOYMENT_TARGET = 17.2;
				LOCALIZATION_PREFERS_STRING_CATALOGS = YES;
				MTL_ENABLE_DEBUG_INFO = INCLUDE_SOURCE;
				MTL_FAST_MATH = YES;
				ONLY_ACTIVE_ARCH = YES;
				SDKROOT = iphoneos;
				SWIFT_ACTIVE_COMPILATION_CONDITIONS = "DEBUG $(inherited)";
				SWIFT_OPTIMIZATION_LEVEL = "-Onone";
			};
			name = Debug;
		};
		26491A572C2D9D43001F7510 /* Release */ = {
			isa = XCBuildConfiguration;
			buildSettings = {
				ALWAYS_SEARCH_USER_PATHS = NO;
				ASSETCATALOG_COMPILER_GENERATE_SWIFT_ASSET_SYMBOL_EXTENSIONS = YES;
				CLANG_ANALYZER_NONNULL = YES;
				CLANG_ANALYZER_NUMBER_OBJECT_CONVERSION = YES_AGGRESSIVE;
				CLANG_CXX_LANGUAGE_STANDARD = "gnu++20";
				CLANG_ENABLE_MODULES = YES;
				CLANG_ENABLE_OBJC_ARC = YES;
				CLANG_ENABLE_OBJC_WEAK = YES;
				CLANG_WARN_BLOCK_CAPTURE_AUTORELEASING = YES;
				CLANG_WARN_BOOL_CONVERSION = YES;
				CLANG_WARN_COMMA = YES;
				CLANG_WARN_CONSTANT_CONVERSION = YES;
				CLANG_WARN_DEPRECATED_OBJC_IMPLEMENTATIONS = YES;
				CLANG_WARN_DIRECT_OBJC_ISA_USAGE = YES_ERROR;
				CLANG_WARN_DOCUMENTATION_COMMENTS = YES;
				CLANG_WARN_EMPTY_BODY = YES;
				CLANG_WARN_ENUM_CONVERSION = YES;
				CLANG_WARN_INFINITE_RECURSION = YES;
				CLANG_WARN_INT_CONVERSION = YES;
				CLANG_WARN_NON_LITERAL_NULL_CONVERSION = YES;
				CLANG_WARN_OBJC_IMPLICIT_RETAIN_SELF = YES;
				CLANG_WARN_OBJC_LITERAL_CONVERSION = YES;
				CLANG_WARN_OBJC_ROOT_CLASS = YES_ERROR;
				CLANG_WARN_QUOTED_INCLUDE_IN_FRAMEWORK_HEADER = YES;
				CLANG_WARN_RANGE_LOOP_ANALYSIS = YES;
				CLANG_WARN_STRICT_PROTOTYPES = YES;
				CLANG_WARN_SUSPICIOUS_MOVE = YES;
				CLANG_WARN_UNGUARDED_AVAILABILITY = YES_AGGRESSIVE;
				CLANG_WARN_UNREACHABLE_CODE = YES;
				CLANG_WARN__DUPLICATE_METHOD_MATCH = YES;
				COPY_PHASE_STRIP = NO;
				DEBUG_INFORMATION_FORMAT = "dwarf-with-dsym";
				ENABLE_NS_ASSERTIONS = NO;
				ENABLE_STRICT_OBJC_MSGSEND = YES;
				ENABLE_USER_SCRIPT_SANDBOXING = YES;
				GCC_C_LANGUAGE_STANDARD = gnu17;
				GCC_NO_COMMON_BLOCKS = YES;
				GCC_WARN_64_TO_32_BIT_CONVERSION = YES;
				GCC_WARN_ABOUT_RETURN_TYPE = YES_ERROR;
				GCC_WARN_UNDECLARED_SELECTOR = YES;
				GCC_WARN_UNINITIALIZED_AUTOS = YES_AGGRESSIVE;
				GCC_WARN_UNUSED_FUNCTION = YES;
				GCC_WARN_UNUSED_VARIABLE = YES;
				IPHONEOS_DEPLOYMENT_TARGET = 17.2;
				LOCALIZATION_PREFERS_STRING_CATALOGS = YES;
				MTL_ENABLE_DEBUG_INFO = NO;
				MTL_FAST_MATH = YES;
				SDKROOT = iphoneos;
				SWIFT_COMPILATION_MODE = wholemodule;
				VALIDATE_PRODUCT = YES;
			};
			name = Release;
		};
		26491A592C2D9D43001F7510 /* Debug */ = {
			isa = XCBuildConfiguration;
			buildSettings = {
				ASSETCATALOG_COMPILER_APPICON_NAME = AppIcon;
				ASSETCATALOG_COMPILER_GLOBAL_ACCENT_COLOR_NAME = AccentColor;
				CODE_SIGN_STYLE = Automatic;
				CURRENT_PROJECT_VERSION = 1;
				DEVELOPMENT_ASSET_PATHS = "\"Instagram_Youtube/Preview Content\"";
				DEVELOPMENT_TEAM = LP846EEF49;
				ENABLE_PREVIEWS = YES;
				GENERATE_INFOPLIST_FILE = YES;
				INFOPLIST_KEY_UIApplicationSceneManifest_Generation = YES;
				INFOPLIST_KEY_UIApplicationSupportsIndirectInputEvents = YES;
				INFOPLIST_KEY_UILaunchScreen_Generation = YES;
				INFOPLIST_KEY_UISupportedInterfaceOrientations_iPad = "UIInterfaceOrientationPortrait UIInterfaceOrientationPortraitUpsideDown UIInterfaceOrientationLandscapeLeft UIInterfaceOrientationLandscapeRight";
				INFOPLIST_KEY_UISupportedInterfaceOrientations_iPhone = "UIInterfaceOrientationPortrait UIInterfaceOrientationLandscapeLeft UIInterfaceOrientationLandscapeRight";
				LD_RUNPATH_SEARCH_PATHS = (
					"$(inherited)",
					"@executable_path/Frameworks",
				);
				MARKETING_VERSION = 1.0;
				PRODUCT_BUNDLE_IDENTIFIER = "sopheamen.app.Instagram-Youtube";
				PRODUCT_NAME = "$(TARGET_NAME)";
				SWIFT_EMIT_LOC_STRINGS = YES;
				SWIFT_VERSION = 5.0;
				TARGETED_DEVICE_FAMILY = "1,2";
			};
			name = Debug;
		};
		26491A5A2C2D9D43001F7510 /* Release */ = {
			isa = XCBuildConfiguration;
			buildSettings = {
				ASSETCATALOG_COMPILER_APPICON_NAME = AppIcon;
				ASSETCATALOG_COMPILER_GLOBAL_ACCENT_COLOR_NAME = AccentColor;
				CODE_SIGN_STYLE = Automatic;
				CURRENT_PROJECT_VERSION = 1;
				DEVELOPMENT_ASSET_PATHS = "\"Instagram_Youtube/Preview Content\"";
				DEVELOPMENT_TEAM = LP846EEF49;
				ENABLE_PREVIEWS = YES;
				GENERATE_INFOPLIST_FILE = YES;
				INFOPLIST_KEY_UIApplicationSceneManifest_Generation = YES;
				INFOPLIST_KEY_UIApplicationSupportsIndirectInputEvents = YES;
				INFOPLIST_KEY_UILaunchScreen_Generation = YES;
				INFOPLIST_KEY_UISupportedInterfaceOrientations_iPad = "UIInterfaceOrientationPortrait UIInterfaceOrientationPortraitUpsideDown UIInterfaceOrientationLandscapeLeft UIInterfaceOrientationLandscapeRight";
				INFOPLIST_KEY_UISupportedInterfaceOrientations_iPhone = "UIInterfaceOrientationPortrait UIInterfaceOrientationLandscapeLeft UIInterfaceOrientationLandscapeRight";
				LD_RUNPATH_SEARCH_PATHS = (
					"$(inherited)",
					"@executable_path/Frameworks",
				);
				MARKETING_VERSION = 1.0;
				PRODUCT_BUNDLE_IDENTIFIER = "sopheamen.app.Instagram-Youtube";
				PRODUCT_NAME = "$(TARGET_NAME)";
				SWIFT_EMIT_LOC_STRINGS = YES;
				SWIFT_VERSION = 5.0;
				TARGETED_DEVICE_FAMILY = "1,2";
			};
			name = Release;
		};
/* End XCBuildConfiguration section */

/* Begin XCConfigurationList section */
		26491A452C2D9D42001F7510 /* Build configuration list for PBXProject "Instagram_Youtube" */ = {
			isa = XCConfigurationList;
			buildConfigurations = (
				26491A562C2D9D43001F7510 /* Debug */,
				26491A572C2D9D43001F7510 /* Release */,
			);
			defaultConfigurationIsVisible = 0;
			defaultConfigurationName = Release;
		};
		26491A582C2D9D43001F7510 /* Build configuration list for PBXNativeTarget "Instagram_Youtube" */ = {
			isa = XCConfigurationList;
			buildConfigurations = (
				26491A592C2D9D43001F7510 /* Debug */,
				26491A5A2C2D9D43001F7510 /* Release */,
			);
			defaultConfigurationIsVisible = 0;
			defaultConfigurationName = Release;
		};
/* End XCConfigurationList section */

/* Begin XCRemoteSwiftPackageReference section */
		26491A612C2D9DEE001F7510 /* XCRemoteSwiftPackageReference "Kingfisher" */ = {
			isa = XCRemoteSwiftPackageReference;
			repositoryURL = "https://github.com/onevcat/Kingfisher.git";
			requirement = {
				kind = upToNextMajorVersion;
				minimumVersion = 7.12.0;
			};
		};
/* End XCRemoteSwiftPackageReference section */

/* Begin XCSwiftPackageProductDependency section */
		26491A622C2D9DEE001F7510 /* Kingfisher */ = {
			isa = XCSwiftPackageProductDependency;
			package = 26491A612C2D9DEE001F7510 /* XCRemoteSwiftPackageReference "Kingfisher" */;
			productName = Kingfisher;
		};
/* End XCSwiftPackageProductDependency section */
	};
	rootObject = 26491A422C2D9D42001F7510 /* Project object */;
}
